
Microsoft Visual Studio Solution File, Format Version 12.00
# Blend for Visual Studio Version 16
VisualStudioVersion = 16.0.30804.86
MinimumVisualStudioVersion = 10.0.40219.1
Project("{FAE04EC0-301F-11D3-BF4B-00C04F79EFBC}") = "ElementBinding", "ElementBinding\ElementBinding.csproj", "{751933AE-8A87-47FD-A211-963FF8B2F2FF}"
EndProject
Global
	GlobalSection(SolutionConfigurationPlatforms) = preSolution
		Debug|Any CPU = Debug|Any CPU
		Release|Any CPU = Release|Any CPU
	EndGlobalSection
	GlobalSection(ProjectConfigurationPlatforms) = postSolution
		{751933AE-8A87-47FD-A211-963FF8B2F2FF}.Debug|Any CPU.ActiveCfg = Debug|Any CPU
		{751933AE-8A87-47FD-A211-963FF8B2F2FF}.Debug|Any CPU.Build.0 = Debug|Any CPU
		{751933AE-8A87-47FD-A211-963FF8B2F2FF}.Release|Any CPU.ActiveCfg = Release|Any CPU
		{751933AE-8A87-47FD-A211-963FF8B2F2FF}.Release|Any CPU.Build.0 = Release|Any CPU
	EndGlobalSection
	GlobalSection(SolutionProperties) = preSolution
		HideSolutionNode = FALSE
	EndGlobalSection
	GlobalSection(ExtensibilityGlobals) = postSolution
		SolutionGuid = {F9D8048C-5563-4F2D-A09F-641B77187096}
	EndGlobalSection
EndGlobal
